
Microsoft Visual Studio Solution File, Format Version 12.00
# Visual Studio Version 17
VisualStudioVersion = 17.0.32014.148
MinimumVisualStudioVersion = 10.0.40219.1
Project("{54A90642-561A-4BB1-A94E-469ADEE60C69}") = "MistralMovies", "MistralMovies\MistralMovies.esproj", "{5C4FF37D-8285-4378-B7D6-A37D17C39FC8}"
EndProject
Project("{FAE04EC0-301F-11D3-BF4B-00C04F79EFBC}") = "MistralMoviesAPI", "MistralMoviesAPI\MistralMoviesAPI.csproj", "{7DD66656-1E8F-4E32-BB56-D18F73B933A2}"
EndProject
Global
	GlobalSection(SolutionConfigurationPlatforms) = preSolution
		Debug|Any CPU = Debug|Any CPU
		Release|Any CPU = Release|Any CPU
	EndGlobalSection
	GlobalSection(ProjectConfigurationPlatforms) = postSolution
		{5C4FF37D-8285-4378-B7D6-A37D17C39FC8}.Debug|Any CPU.ActiveCfg = Debug|Any CPU
		{5C4FF37D-8285-4378-B7D6-A37D17C39FC8}.Debug|Any CPU.Build.0 = Debug|Any CPU
		{5C4FF37D-8285-4378-B7D6-A37D17C39FC8}.Debug|Any CPU.Deploy.0 = Debug|Any CPU
		{5C4FF37D-8285-4378-B7D6-A37D17C39FC8}.Release|Any CPU.ActiveCfg = Release|Any CPU
		{5C4FF37D-8285-4378-B7D6-A37D17C39FC8}.Release|Any CPU.Build.0 = Release|Any CPU
		{5C4FF37D-8285-4378-B7D6-A37D17C39FC8}.Release|Any CPU.Deploy.0 = Release|Any CPU
		{7DD66656-1E8F-4E32-BB56-D18F73B933A2}.Debug|Any CPU.ActiveCfg = Debug|Any CPU
		{7DD66656-1E8F-4E32-BB56-D18F73B933A2}.Debug|Any CPU.Build.0 = Debug|Any CPU
		{7DD66656-1E8F-4E32-BB56-D18F73B933A2}.Release|Any CPU.ActiveCfg = Release|Any CPU
		{7DD66656-1E8F-4E32-BB56-D18F73B933A2}.Release|Any CPU.Build.0 = Release|Any CPU
	EndGlobalSection
	GlobalSection(SolutionProperties) = preSolution
		HideSolutionNode = FALSE
	EndGlobalSection
	GlobalSection(ExtensibilityGlobals) = postSolution
		SolutionGuid = {BD5E2E4A-99E4-4ACF-85F9-4491F99ED515}
	EndGlobalSection
EndGlobal
